<?xml version="1.0" encoding="utf-8"?>
<Project ToolsVersion="4.0" xmlns="http://schemas.microsoft.com/developer/msbuild/2003">
  <ItemGroup>
    <Filter Include="core">
      <UniqueIdentifier>{24bf44e0-41a2-4b07-b9a9-c2a28aa80c8a}</UniqueIdentifier>
    </Filter>
    <Filter Include="semantic">
      <UniqueIdentifier>{5fe1d1c2-bc4c-41bf-b8e8-159b946abb23}</UniqueIdentifier>
    </Filter>
    <Filter Include="sound">
      <UniqueIdentifier>{A2CB33E6-16B3-4C91-9DD4-F81732D81F0F}</UniqueIdentifier>
    </Filter>
  </ItemGroup>
  <ItemGroup>
    <ClCompile Include="main.cpp"><Filter>core</Filter></ClCompile>
    <ClCompile Include="zlib.cpp"><Filter>core</Filter></ClCompile>
    <ClCompile Include="semantic_classes.cpp"><Filter>semantic</Filter></ClCompile>
    <ClCompile Include="semantic_static.cpp"><Filter>semantic</Filter></ClCompile>
    <ClCompile Include="semantic_window.cpp"><Filter>semantic</Filter></ClCompile>
    <ClCompile Include="sfera_sound.cpp"><Filter>sound</Filter></ClCompile>
    <ClCompile Include="sfera_sound_runtime.cpp"><Filter>sound</Filter></ClCompile>
    <ClCompile Include="sfera_vorbis.cpp"><Filter>sound</Filter></ClCompile>
  </ItemGroup>
  <ItemGroup>
    <ClInclude Include="zlib.h"><Filter>core</Filter></ClInclude>
    <ClInclude Include="semantic_classes.h"><Filter>semantic</Filter></ClInclude>
    <ClInclude Include="semantic_static.h"><Filter>semantic</Filter></ClInclude>
    <ClInclude Include="semantic_window.h"><Filter>semantic</Filter></ClInclude>
    <ClInclude Include="sfera_sound.h"><Filter>sound</Filter></ClInclude>
    <ClInclude Include="sfera_sound_runtime.h"><Filter>sound</Filter></ClInclude>
    <ClInclude Include="semantic_types.h"><Filter>core</Filter></ClInclude>
  </ItemGroup>
</Project>
